
Microsoft Visual Studio Solution File, Format Version 12.00
# Visual Studio 2017
Project("{FAE04EC0-301F-11D3-BF4B-00C04F79EFBC}") = "Space1999", "Space1999.csproj", "{E95A05CF-EE87-007E-3DB5-EECD0D4FB55F}"
EndProject
Global
	GlobalSection(SolutionConfigurationPlatforms) = preSolution
		Debug|Any CPU = Debug|Any CPU
		Release|Any CPU = Release|Any CPU
	EndGlobalSection
	GlobalSection(ProjectConfigurationPlatforms) = postSolution
		{E95A05CF-EE87-007E-3DB5-EECD0D4FB55F}.Debug|Any CPU.ActiveCfg = Debug|Any CPU
		{E95A05CF-EE87-007E-3DB5-EECD0D4FB55F}.Debug|Any CPU.Build.0 = Debug|Any CPU
		{E95A05CF-EE87-007E-3DB5-EECD0D4FB55F}.Release|Any CPU.ActiveCfg = Release|Any CPU
		{E95A05CF-EE87-007E-3DB5-EECD0D4FB55F}.Release|Any CPU.Build.0 = Release|Any CPU
	EndGlobalSection
	GlobalSection(SolutionProperties) = preSolution
		HideSolutionNode = FALSE
	EndGlobalSection
EndGlobal
